
Microsoft Visual Studio Solution File, Format Version 12.00
# Visual Studio Version 17
VisualStudioVersion = 17.4.33205.214
MinimumVisualStudioVersion = 10.0.40219.1
Project("{8BC9CEB8-8B4A-11D0-8D11-00A0C91BC942}") = "DistributedRendering", "DistributedRendering\DistributedRendering.vcxproj", "{43B446E1-356C-47B8-B1DF-FE9C71CAF447}"
	ProjectSection(ProjectDependencies) = postProject
		{CE6B1184-CC2C-4E46-AE81-E2B491B9CBAD} = {CE6B1184-CC2C-4E46-AE81-E2B491B9CBAD}
		{E1C391FB-EC3F-411E-9AF8-99618DDB3805} = {E1C391FB-EC3F-411E-9AF8-99618DDB3805}
	EndProjectSection
EndProject
Project("{8BC9CEB8-8B4A-11D0-8D11-00A0C91BC942}") = "DirectxTex", "DirectxTex\DirectxTex.vcxproj", "{CE6B1184-CC2C-4E46-AE81-E2B491B9CBAD}"
EndProject
Project("{8BC9CEB8-8B4A-11D0-8D11-00A0C91BC942}") = "DX12Lib", "DX12Lib\DX12Lib.vcxproj", "{E1C391FB-EC3F-411E-9AF8-99618DDB3805}"
	ProjectSection(ProjectDependencies) = postProject
		{CE6B1184-CC2C-4E46-AE81-E2B491B9CBAD} = {CE6B1184-CC2C-4E46-AE81-E2B491B9CBAD}
	EndProjectSection
EndProject
Project("{2150E333-8FDC-42A3-9474-1A3956D46DE8}") = "Assimp", "Assimp", "{A8F68CA9-E982-4167-8F14-06D8833993D0}"
EndProject
Project("{8BC9CEB8-8B4A-11D0-8D11-00A0C91BC942}") = "assimp", "build\Assimp\code\assimp.vcxproj", "{178F4635-0AB6-3D16-B27C-F5CFD2819A38}"
EndProject
Project("{8BC9CEB8-8B4A-11D0-8D11-00A0C91BC942}") = "ALL_BUILD", "build\Assimp\ALL_BUILD.vcxproj", "{02E71BE1-36CB-31C1-BCB6-6B893792C604}"
EndProject
Project("{8BC9CEB8-8B4A-11D0-8D11-00A0C91BC942}") = "INSTALL", "build\Assimp\INSTALL.vcxproj", "{34BA11AE-C706-369A-8D91-142F4E9BC6FE}"
EndProject
Project("{8BC9CEB8-8B4A-11D0-8D11-00A0C91BC942}") = "uninstall", "build\Assimp\uninstall.vcxproj", "{AD04318E-A90A-3667-87E8-0702B93CDD0C}"
EndProject
Project("{8BC9CEB8-8B4A-11D0-8D11-00A0C91BC942}") = "UpdateAssimpLibsDebugSymbolsAndDLLs", "build\Assimp\UpdateAssimpLibsDebugSymbolsAndDLLs.vcxproj", "{09A39E51-6DEB-340D-95DC-31041449B8A1}"
EndProject
Project("{8BC9CEB8-8B4A-11D0-8D11-00A0C91BC942}") = "ZERO_CHECK", "build\Assimp\ZERO_CHECK.vcxproj", "{CF22F1B8-5312-3C91-BD38-04DCE65928CB}"
EndProject
Project("{8BC9CEB8-8B4A-11D0-8D11-00A0C91BC942}") = "zlibstatic", "build\Assimp\contrib\zlib\zlibstatic.vcxproj", "{33267C00-FE34-357A-AA4B-DFDDFD2FCAB8}"
EndProject
Project("{8BC9CEB8-8B4A-11D0-8D11-00A0C91BC942}") = "unit", "build\Assimp\test\unit.vcxproj", "{28ADDC2B-0FCE-3731-8C11-17EAD2457FD1}"
EndProject
Project("{2150E333-8FDC-42A3-9474-1A3956D46DE8}") = "spdlog", "spdlog", "{B56E314D-5BC2-4153-BB1B-01486470E7ED}"
EndProject
Project("{8BC9CEB8-8B4A-11D0-8D11-00A0C91BC942}") = "ALL_BUILD", "build\spdlog\ALL_BUILD.vcxproj", "{A4484DF5-6BBF-3DCC-A577-AE6C9B3F04B1}"
EndProject
Project("{8BC9CEB8-8B4A-11D0-8D11-00A0C91BC942}") = "INSTALL", "build\spdlog\INSTALL.vcxproj", "{EFB36371-40E3-3E7D-9BCF-820B2DD991DC}"
EndProject
Project("{8BC9CEB8-8B4A-11D0-8D11-00A0C91BC942}") = "PACKAGE", "build\spdlog\PACKAGE.vcxproj", "{13695DA6-4BE7-3471-B1CF-EEFCCC090A64}"
EndProject
Project("{8BC9CEB8-8B4A-11D0-8D11-00A0C91BC942}") = "spdlog", "build\spdlog\spdlog.vcxproj", "{9CE46629-0605-374B-947C-EFDDE6CF888F}"
EndProject
Project("{8BC9CEB8-8B4A-11D0-8D11-00A0C91BC942}") = "ZERO_CHECK", "build\spdlog\ZERO_CHECK.vcxproj", "{8B580A9E-FFC6-399C-8826-DF254683652A}"
EndProject
Project("{8BC9CEB8-8B4A-11D0-8D11-00A0C91BC942}") = "StreamingClient", "StreamingClient\StreamingClient.vcxproj", "{9C6AD87D-ABF6-4E26-8DC2-173FF33B14EC}"
EndProject
Global
	GlobalSection(SolutionConfigurationPlatforms) = preSolution
		Debug|x64 = Debug|x64
		Debug|x86 = Debug|x86
		MinSizeRel|x64 = MinSizeRel|x64
		MinSizeRel|x86 = MinSizeRel|x86
		Release|x64 = Release|x64
		Release|x86 = Release|x86
		RelWithDebInfo|x64 = RelWithDebInfo|x64
		RelWithDebInfo|x86 = RelWithDebInfo|x86
	EndGlobalSection
	GlobalSection(ProjectConfigurationPlatforms) = postSolution
		{43B446E1-356C-47B8-B1DF-FE9C71CAF447}.Debug|x64.ActiveCfg = Debug|x64
		{43B446E1-356C-47B8-B1DF-FE9C71CAF447}.Debug|x64.Build.0 = Debug|x64
		{43B446E1-356C-47B8-B1DF-FE9C71CAF447}.Debug|x86.ActiveCfg = Debug|Win32
		{43B446E1-356C-47B8-B1DF-FE9C71CAF447}.Debug|x86.Build.0 = Debug|Win32
		{43B446E1-356C-47B8-B1DF-FE9C71CAF447}.MinSizeRel|x64.ActiveCfg = Release|x64
		{43B446E1-356C-47B8-B1DF-FE9C71CAF447}.MinSizeRel|x64.Build.0 = Release|x64
		{43B446E1-356C-47B8-B1DF-FE9C71CAF447}.MinSizeRel|x86.ActiveCfg = Release|Win32
		{43B446E1-356C-47B8-B1DF-FE9C71CAF447}.MinSizeRel|x86.Build.0 = Release|Win32
		{43B446E1-356C-47B8-B1DF-FE9C71CAF447}.Release|x64.ActiveCfg = Release|x64
		{43B446E1-356C-47B8-B1DF-FE9C71CAF447}.Release|x64.Build.0 = Release|x64
		{43B446E1-356C-47B8-B1DF-FE9C71CAF447}.Release|x86.ActiveCfg = Release|Win32
		{43B446E1-356C-47B8-B1DF-FE9C71CAF447}.Release|x86.Build.0 = Release|Win32
		{43B446E1-356C-47B8-B1DF-FE9C71CAF447}.RelWithDebInfo|x64.ActiveCfg = Release|x64
		{43B446E1-356C-47B8-B1DF-FE9C71CAF447}.RelWithDebInfo|x64.Build.0 = Release|x64
		{43B446E1-356C-47B8-B1DF-FE9C71CAF447}.RelWithDebInfo|x86.ActiveCfg = Release|Win32
		{43B446E1-356C-47B8-B1DF-FE9C71CAF447}.RelWithDebInfo|x86.Build.0 = Release|Win32
		{CE6B1184-CC2C-4E46-AE81-E2B491B9CBAD}.Debug|x64.ActiveCfg = Debug|x64
		{CE6B1184-CC2C-4E46-AE81-E2B491B9CBAD}.Debug|x64.Build.0 = Debug|x64
		{CE6B1184-CC2C-4E46-AE81-E2B491B9CBAD}.Debug|x86.ActiveCfg = Debug|Win32
		{CE6B1184-CC2C-4E46-AE81-E2B491B9CBAD}.Debug|x86.Build.0 = Debug|Win32
		{CE6B1184-CC2C-4E46-AE81-E2B491B9CBAD}.MinSizeRel|x64.ActiveCfg = Release|x64
		{CE6B1184-CC2C-4E46-AE81-E2B491B9CBAD}.MinSizeRel|x64.Build.0 = Release|x64
		{CE6B1184-CC2C-4E46-AE81-E2B491B9CBAD}.MinSizeRel|x86.ActiveCfg = Release|Win32
		{CE6B1184-CC2C-4E46-AE81-E2B491B9CBAD}.MinSizeRel|x86.Build.0 = Release|Win32
		{CE6B1184-CC2C-4E46-AE81-E2B491B9CBAD}.Release|x64.ActiveCfg = Release|x64
		{CE6B1184-CC2C-4E46-AE81-E2B491B9CBAD}.Release|x64.Build.0 = Release|x64
		{CE6B1184-CC2C-4E46-AE81-E2B491B9CBAD}.Release|x86.ActiveCfg = Release|Win32
		{CE6B1184-CC2C-4E46-AE81-E2B491B9CBAD}.Release|x86.Build.0 = Release|Win32
		{CE6B1184-CC2C-4E46-AE81-E2B491B9CBAD}.RelWithDebInfo|x64.ActiveCfg = Release|x64
		{CE6B1184-CC2C-4E46-AE81-E2B491B9CBAD}.RelWithDebInfo|x64.Build.0 = Release|x64
		{CE6B1184-CC2C-4E46-AE81-E2B491B9CBAD}.RelWithDebInfo|x86.ActiveCfg = Release|Win32
		{CE6B1184-CC2C-4E46-AE81-E2B491B9CBAD}.RelWithDebInfo|x86.Build.0 = Release|Win32
		{E1C391FB-EC3F-411E-9AF8-99618DDB3805}.Debug|x64.ActiveCfg = Debug|x64
		{E1C391FB-EC3F-411E-9AF8-99618DDB3805}.Debug|x64.Build.0 = Debug|x64
		{E1C391FB-EC3F-411E-9AF8-99618DDB3805}.Debug|x86.ActiveCfg = Debug|Win32
		{E1C391FB-EC3F-411E-9AF8-99618DDB3805}.Debug|x86.Build.0 = Debug|Win32
		{E1C391FB-EC3F-411E-9AF8-99618DDB3805}.MinSizeRel|x64.ActiveCfg = Release|x64
		{E1C391FB-EC3F-411E-9AF8-99618DDB3805}.MinSizeRel|x64.Build.0 = Release|x64
		{E1C391FB-EC3F-411E-9AF8-99618DDB3805}.MinSizeRel|x86.ActiveCfg = Release|Win32
		{E1C391FB-EC3F-411E-9AF8-99618DDB3805}.MinSizeRel|x86.Build.0 = Release|Win32
		{E1C391FB-EC3F-411E-9AF8-99618DDB3805}.Release|x64.ActiveCfg = Release|x64
		{E1C391FB-EC3F-411E-9AF8-99618DDB3805}.Release|x64.Build.0 = Release|x64
		{E1C391FB-EC3F-411E-9AF8-99618DDB3805}.Release|x86.ActiveCfg = Release|Win32
		{E1C391FB-EC3F-411E-9AF8-99618DDB3805}.Release|x86.Build.0 = Release|Win32
		{E1C391FB-EC3F-411E-9AF8-99618DDB3805}.RelWithDebInfo|x64.ActiveCfg = Release|x64
		{E1C391FB-EC3F-411E-9AF8-99618DDB3805}.RelWithDebInfo|x64.Build.0 = Release|x64
		{E1C391FB-EC3F-411E-9AF8-99618DDB3805}.RelWithDebInfo|x86.ActiveCfg = Release|Win32
		{E1C391FB-EC3F-411E-9AF8-99618DDB3805}.RelWithDebInfo|x86.Build.0 = Release|Win32
		{178F4635-0AB6-3D16-B27C-F5CFD2819A38}.Debug|x64.ActiveCfg = Debug|x64
		{178F4635-0AB6-3D16-B27C-F5CFD2819A38}.Debug|x64.Build.0 = Debug|x64
		{178F4635-0AB6-3D16-B27C-F5CFD2819A38}.Debug|x86.ActiveCfg = Debug|x64
		{178F4635-0AB6-3D16-B27C-F5CFD2819A38}.Debug|x86.Build.0 = Debug|x64
		{178F4635-0AB6-3D16-B27C-F5CFD2819A38}.MinSizeRel|x64.ActiveCfg = MinSizeRel|x64
		{178F4635-0AB6-3D16-B27C-F5CFD2819A38}.MinSizeRel|x64.Build.0 = MinSizeRel|x64
		{178F4635-0AB6-3D16-B27C-F5CFD2819A38}.MinSizeRel|x86.ActiveCfg = MinSizeRel|x64
		{178F4635-0AB6-3D16-B27C-F5CFD2819A38}.MinSizeRel|x86.Build.0 = MinSizeRel|x64
		{178F4635-0AB6-3D16-B27C-F5CFD2819A38}.Release|x64.ActiveCfg = Release|x64
		{178F4635-0AB6-3D16-B27C-F5CFD2819A38}.Release|x64.Build.0 = Release|x64
		{178F4635-0AB6-3D16-B27C-F5CFD2819A38}.Release|x86.ActiveCfg = Release|x64
		{178F4635-0AB6-3D16-B27C-F5CFD2819A38}.Release|x86.Build.0 = Release|x64
		{178F4635-0AB6-3D16-B27C-F5CFD2819A38}.RelWithDebInfo|x64.ActiveCfg = RelWithDebInfo|x64
		{178F4635-0AB6-3D16-B27C-F5CFD2819A38}.RelWithDebInfo|x64.Build.0 = RelWithDebInfo|x64
		{178F4635-0AB6-3D16-B27C-F5CFD2819A38}.RelWithDebInfo|x86.ActiveCfg = RelWithDebInfo|x64
		{178F4635-0AB6-3D16-B27C-F5CFD2819A38}.RelWithDebInfo|x86.Build.0 = RelWithDebInfo|x64
		{02E71BE1-36CB-31C1-BCB6-6B893792C604}.Debug|x64.ActiveCfg = Debug|x64
		{02E71BE1-36CB-31C1-BCB6-6B893792C604}.Debug|x64.Build.0 = Debug|x64
		{02E71BE1-36CB-31C1-BCB6-6B893792C604}.Debug|x86.ActiveCfg = Debug|x64
		{02E71BE1-36CB-31C1-BCB6-6B893792C604}.Debug|x86.Build.0 = Debug|x64
		{02E71BE1-36CB-31C1-BCB6-6B893792C604}.MinSizeRel|x64.ActiveCfg = MinSizeRel|x64
		{02E71BE1-36CB-31C1-BCB6-6B893792C604}.MinSizeRel|x64.Build.0 = MinSizeRel|x64
		{02E71BE1-36CB-31C1-BCB6-6B893792C604}.MinSizeRel|x86.ActiveCfg = MinSizeRel|x64
		{02E71BE1-36CB-31C1-BCB6-6B893792C604}.MinSizeRel|x86.Build.0 = MinSizeRel|x64
		{02E71BE1-36CB-31C1-BCB6-6B893792C604}.Release|x64.ActiveCfg = Release|x64
		{02E71BE1-36CB-31C1-BCB6-6B893792C604}.Release|x64.Build.0 = Release|x64
		{02E71BE1-36CB-31C1-BCB6-6B893792C604}.Release|x86.ActiveCfg = Release|x64
		{02E71BE1-36CB-31C1-BCB6-6B893792C604}.Release|x86.Build.0 = Release|x64
		{02E71BE1-36CB-31C1-BCB6-6B893792C604}.RelWithDebInfo|x64.ActiveCfg = RelWithDebInfo|x64
		{02E71BE1-36CB-31C1-BCB6-6B893792C604}.RelWithDebInfo|x64.Build.0 = RelWithDebInfo|x64
		{02E71BE1-36CB-31C1-BCB6-6B893792C604}.RelWithDebInfo|x86.ActiveCfg = RelWithDebInfo|x64
		{02E71BE1-36CB-31C1-BCB6-6B893792C604}.RelWithDebInfo|x86.Build.0 = RelWithDebInfo|x64
		{34BA11AE-C706-369A-8D91-142F4E9BC6FE}.Debug|x64.ActiveCfg = Debug|x64
		{34BA11AE-C706-369A-8D91-142F4E9BC6FE}.Debug|x64.Build.0 = Debug|x64
		{34BA11AE-C706-369A-8D91-142F4E9BC6FE}.Debug|x86.ActiveCfg = Debug|x64
		{34BA11AE-C706-369A-8D91-142F4E9BC6FE}.Debug|x86.Build.0 = Debug|x64
		{34BA11AE-C706-369A-8D91-142F4E9BC6FE}.MinSizeRel|x64.ActiveCfg = MinSizeRel|x64
		{34BA11AE-C706-369A-8D91-142F4E9BC6FE}.MinSizeRel|x64.Build.0 = MinSizeRel|x64
		{34BA11AE-C706-369A-8D91-142F4E9BC6FE}.MinSizeRel|x86.ActiveCfg = MinSizeRel|x64
		{34BA11AE-C706-369A-8D91-142F4E9BC6FE}.MinSizeRel|x86.Build.0 = MinSizeRel|x64
		{34BA11AE-C706-369A-8D91-142F4E9BC6FE}.Release|x64.ActiveCfg = Release|x64
		{34BA11AE-C706-369A-8D91-142F4E9BC6FE}.Release|x64.Build.0 = Release|x64
		{34BA11AE-C706-369A-8D91-142F4E9BC6FE}.Release|x86.ActiveCfg = Release|x64
		{34BA11AE-C706-369A-8D91-142F4E9BC6FE}.Release|x86.Build.0 = Release|x64
		{34BA11AE-C706-369A-8D91-142F4E9BC6FE}.RelWithDebInfo|x64.ActiveCfg = RelWithDebInfo|x64
		{34BA11AE-C706-369A-8D91-142F4E9BC6FE}.RelWithDebInfo|x64.Build.0 = RelWithDebInfo|x64
		{34BA11AE-C706-369A-8D91-142F4E9BC6FE}.RelWithDebInfo|x86.ActiveCfg = RelWithDebInfo|x64
		{34BA11AE-C706-369A-8D91-142F4E9BC6FE}.RelWithDebInfo|x86.Build.0 = RelWithDebInfo|x64
		{AD04318E-A90A-3667-87E8-0702B93CDD0C}.Debug|x64.ActiveCfg = Debug|x64
		{AD04318E-A90A-3667-87E8-0702B93CDD0C}.Debug|x64.Build.0 = Debug|x64
		{AD04318E-A90A-3667-87E8-0702B93CDD0C}.Debug|x86.ActiveCfg = Debug|x64
		{AD04318E-A90A-3667-87E8-0702B93CDD0C}.Debug|x86.Build.0 = Debug|x64
		{AD04318E-A90A-3667-87E8-0702B93CDD0C}.MinSizeRel|x64.ActiveCfg = MinSizeRel|x64
		{AD04318E-A90A-3667-87E8-0702B93CDD0C}.MinSizeRel|x64.Build.0 = MinSizeRel|x64
		{AD04318E-A90A-3667-87E8-0702B93CDD0C}.MinSizeRel|x86.ActiveCfg = MinSizeRel|x64
		{AD04318E-A90A-3667-87E8-0702B93CDD0C}.MinSizeRel|x86.Build.0 = MinSizeRel|x64
		{AD04318E-A90A-3667-87E8-0702B93CDD0C}.Release|x64.ActiveCfg = Release|x64
		{AD04318E-A90A-3667-87E8-0702B93CDD0C}.Release|x64.Build.0 = Release|x64
		{AD04318E-A90A-3667-87E8-0702B93CDD0C}.Release|x86.ActiveCfg = Release|x64
		{AD04318E-A90A-3667-87E8-0702B93CDD0C}.Release|x86.Build.0 = Release|x64
		{AD04318E-A90A-3667-87E8-0702B93CDD0C}.RelWithDebInfo|x64.ActiveCfg = RelWithDebInfo|x64
		{AD04318E-A90A-3667-87E8-0702B93CDD0C}.RelWithDebInfo|x64.Build.0 = RelWithDebInfo|x64
		{AD04318E-A90A-3667-87E8-0702B93CDD0C}.RelWithDebInfo|x86.ActiveCfg = RelWithDebInfo|x64
		{AD04318E-A90A-3667-87E8-0702B93CDD0C}.RelWithDebInfo|x86.Build.0 = RelWithDebInfo|x64
		{09A39E51-6DEB-340D-95DC-31041449B8A1}.Debug|x64.ActiveCfg = Debug|x64
		{09A39E51-6DEB-340D-95DC-31041449B8A1}.Debug|x64.Build.0 = Debug|x64
		{09A39E51-6DEB-340D-95DC-31041449B8A1}.Debug|x86.ActiveCfg = Debug|x64
		{09A39E51-6DEB-340D-95DC-31041449B8A1}.Debug|x86.Build.0 = Debug|x64
		{09A39E51-6DEB-340D-95DC-31041449B8A1}.MinSizeRel|x64.ActiveCfg = MinSizeRel|x64
		{09A39E51-6DEB-340D-95DC-31041449B8A1}.MinSizeRel|x64.Build.0 = MinSizeRel|x64
		{09A39E51-6DEB-340D-95DC-31041449B8A1}.MinSizeRel|x86.ActiveCfg = MinSizeRel|x64
		{09A39E51-6DEB-340D-95DC-31041449B8A1}.MinSizeRel|x86.Build.0 = MinSizeRel|x64
		{09A39E51-6DEB-340D-95DC-31041449B8A1}.Release|x64.ActiveCfg = Release|x64
		{09A39E51-6DEB-340D-95DC-31041449B8A1}.Release|x64.Build.0 = Release|x64
		{09A39E51-6DEB-340D-95DC-31041449B8A1}.Release|x86.ActiveCfg = Release|x64
		{09A39E51-6DEB-340D-95DC-31041449B8A1}.Release|x86.Build.0 = Release|x64
		{09A39E51-6DEB-340D-95DC-31041449B8A1}.RelWithDebInfo|x64.ActiveCfg = RelWithDebInfo|x64
		{09A39E51-6DEB-340D-95DC-31041449B8A1}.RelWithDebInfo|x64.Build.0 = RelWithDebInfo|x64
		{09A39E51-6DEB-340D-95DC-31041449B8A1}.RelWithDebInfo|x86.ActiveCfg = RelWithDebInfo|x64
		{09A39E51-6DEB-340D-95DC-31041449B8A1}.RelWithDebInfo|x86.Build.0 = RelWithDebInfo|x64
		{CF22F1B8-5312-3C91-BD38-04DCE65928CB}.Debug|x64.ActiveCfg = Debug|x64
		{CF22F1B8-5312-3C91-BD38-04DCE65928CB}.Debug|x64.Build.0 = Debug|x64
		{CF22F1B8-5312-3C91-BD38-04DCE65928CB}.Debug|x86.ActiveCfg = Debug|x64
		{CF22F1B8-5312-3C91-BD38-04DCE65928CB}.Debug|x86.Build.0 = Debug|x64
		{CF22F1B8-5312-3C91-BD38-04DCE65928CB}.MinSizeRel|x64.ActiveCfg = MinSizeRel|x64
		{CF22F1B8-5312-3C91-BD38-04DCE65928CB}.MinSizeRel|x64.Build.0 = MinSizeRel|x64
		{CF22F1B8-5312-3C91-BD38-04DCE65928CB}.MinSizeRel|x86.ActiveCfg = MinSizeRel|x64
		{CF22F1B8-5312-3C91-BD38-04DCE65928CB}.MinSizeRel|x86.Build.0 = MinSizeRel|x64
		{CF22F1B8-5312-3C91-BD38-04DCE65928CB}.Release|x64.ActiveCfg = Release|x64
		{CF22F1B8-5312-3C91-BD38-04DCE65928CB}.Release|x64.Build.0 = Release|x64
		{CF22F1B8-5312-3C91-BD38-04DCE65928CB}.Release|x86.ActiveCfg = Release|x64
		{CF22F1B8-5312-3C91-BD38-04DCE65928CB}.Release|x86.Build.0 = Release|x64
		{CF22F1B8-5312-3C91-BD38-04DCE65928CB}.RelWithDebInfo|x64.ActiveCfg = RelWithDebInfo|x64
		{CF22F1B8-5312-3C91-BD38-04DCE65928CB}.RelWithDebInfo|x64.Build.0 = RelWithDebInfo|x64
		{CF22F1B8-5312-3C91-BD38-04DCE65928CB}.RelWithDebInfo|x86.ActiveCfg = RelWithDebInfo|x64
		{CF22F1B8-5312-3C91-BD38-04DCE65928CB}.RelWithDebInfo|x86.Build.0 = RelWithDebInfo|x64
		{33267C00-FE34-357A-AA4B-DFDDFD2FCAB8}.Debug|x64.ActiveCfg = Debug|x64
		{33267C00-FE34-357A-AA4B-DFDDFD2FCAB8}.Debug|x64.Build.0 = Debug|x64
		{33267C00-FE34-357A-AA4B-DFDDFD2FCAB8}.Debug|x86.ActiveCfg = Debug|x64
		{33267C00-FE34-357A-AA4B-DFDDFD2FCAB8}.Debug|x86.Build.0 = Debug|x64
		{33267C00-FE34-357A-AA4B-DFDDFD2FCAB8}.MinSizeRel|x64.ActiveCfg = MinSizeRel|x64
		{33267C00-FE34-357A-AA4B-DFDDFD2FCAB8}.MinSizeRel|x64.Build.0 = MinSizeRel|x64
		{33267C00-FE34-357A-AA4B-DFDDFD2FCAB8}.MinSizeRel|x86.ActiveCfg = MinSizeRel|x64
		{33267C00-FE34-357A-AA4B-DFDDFD2FCAB8}.MinSizeRel|x86.Build.0 = MinSizeRel|x64
		{33267C00-FE34-357A-AA4B-DFDDFD2FCAB8}.Release|x64.ActiveCfg = Release|x64
		{33267C00-FE34-357A-AA4B-DFDDFD2FCAB8}.Release|x64.Build.0 = Release|x64
		{33267C00-FE34-357A-AA4B-DFDDFD2FCAB8}.Release|x86.ActiveCfg = Release|x64
		{33267C00-FE34-357A-AA4B-DFDDFD2FCAB8}.Release|x86.Build.0 = Release|x64
		{33267C00-FE34-357A-AA4B-DFDDFD2FCAB8}.RelWithDebInfo|x64.ActiveCfg = RelWithDebInfo|x64
		{33267C00-FE34-357A-AA4B-DFDDFD2FCAB8}.RelWithDebInfo|x64.Build.0 = RelWithDebInfo|x64
		{33267C00-FE34-357A-AA4B-DFDDFD2FCAB8}.RelWithDebInfo|x86.ActiveCfg = RelWithDebInfo|x64
		{33267C00-FE34-357A-AA4B-DFDDFD2FCAB8}.RelWithDebInfo|x86.Build.0 = RelWithDebInfo|x64
		{28ADDC2B-0FCE-3731-8C11-17EAD2457FD1}.Debug|x64.ActiveCfg = Debug|x64
		{28ADDC2B-0FCE-3731-8C11-17EAD2457FD1}.Debug|x64.Build.0 = Debug|x64
		{28ADDC2B-0FCE-3731-8C11-17EAD2457FD1}.Debug|x86.ActiveCfg = Debug|x64
		{28ADDC2B-0FCE-3731-8C11-17EAD2457FD1}.Debug|x86.Build.0 = Debug|x64
		{28ADDC2B-0FCE-3731-8C11-17EAD2457FD1}.MinSizeRel|x64.ActiveCfg = MinSizeRel|x64
		{28ADDC2B-0FCE-3731-8C11-17EAD2457FD1}.MinSizeRel|x64.Build.0 = MinSizeRel|x64
		{28ADDC2B-0FCE-3731-8C11-17EAD2457FD1}.MinSizeRel|x86.ActiveCfg = MinSizeRel|x64
		{28ADDC2B-0FCE-3731-8C11-17EAD2457FD1}.MinSizeRel|x86.Build.0 = MinSizeRel|x64
		{28ADDC2B-0FCE-3731-8C11-17EAD2457FD1}.Release|x64.ActiveCfg = Release|x64
		{28ADDC2B-0FCE-3731-8C11-17EAD2457FD1}.Release|x64.Build.0 = Release|x64
		{28ADDC2B-0FCE-3731-8C11-17EAD2457FD1}.Release|x86.ActiveCfg = Release|x64
		{28ADDC2B-0FCE-3731-8C11-17EAD2457FD1}.Release|x86.Build.0 = Release|x64
		{28ADDC2B-0FCE-3731-8C11-17EAD2457FD1}.RelWithDebInfo|x64.ActiveCfg = RelWithDebInfo|x64
		{28ADDC2B-0FCE-3731-8C11-17EAD2457FD1}.RelWithDebInfo|x64.Build.0 = RelWithDebInfo|x64
		{28ADDC2B-0FCE-3731-8C11-17EAD2457FD1}.RelWithDebInfo|x86.ActiveCfg = RelWithDebInfo|x64
		{28ADDC2B-0FCE-3731-8C11-17EAD2457FD1}.RelWithDebInfo|x86.Build.0 = RelWithDebInfo|x64
		{A4484DF5-6BBF-3DCC-A577-AE6C9B3F04B1}.Debug|x64.ActiveCfg = Debug|x64
		{A4484DF5-6BBF-3DCC-A577-AE6C9B3F04B1}.Debug|x64.Build.0 = Debug|x64
		{A4484DF5-6BBF-3DCC-A577-AE6C9B3F04B1}.Debug|x86.ActiveCfg = Debug|x64
		{A4484DF5-6BBF-3DCC-A577-AE6C9B3F04B1}.Debug|x86.Build.0 = Debug|x64
		{A4484DF5-6BBF-3DCC-A577-AE6C9B3F04B1}.MinSizeRel|x64.ActiveCfg = MinSizeRel|x64
		{A4484DF5-6BBF-3DCC-A577-AE6C9B3F04B1}.MinSizeRel|x64.Build.0 = MinSizeRel|x64
		{A4484DF5-6BBF-3DCC-A577-AE6C9B3F04B1}.MinSizeRel|x86.ActiveCfg = MinSizeRel|x64
		{A4484DF5-6BBF-3DCC-A577-AE6C9B3F04B1}.MinSizeRel|x86.Build.0 = MinSizeRel|x64
		{A4484DF5-6BBF-3DCC-A577-AE6C9B3F04B1}.Release|x64.ActiveCfg = Release|x64
		{A4484DF5-6BBF-3DCC-A577-AE6C9B3F04B1}.Release|x64.Build.0 = Release|x64
		{A4484DF5-6BBF-3DCC-A577-AE6C9B3F04B1}.Release|x86.ActiveCfg = Release|x64
		{A4484DF5-6BBF-3DCC-A577-AE6C9B3F04B1}.Release|x86.Build.0 = Release|x64
		{A4484DF5-6BBF-3DCC-A577-AE6C9B3F04B1}.RelWithDebInfo|x64.ActiveCfg = RelWithDebInfo|x64
		{A4484DF5-6BBF-3DCC-A577-AE6C9B3F04B1}.RelWithDebInfo|x64.Build.0 = RelWithDebInfo|x64
		{A4484DF5-6BBF-3DCC-A577-AE6C9B3F04B1}.RelWithDebInfo|x86.ActiveCfg = RelWithDebInfo|x64
		{A4484DF5-6BBF-3DCC-A577-AE6C9B3F04B1}.RelWithDebInfo|x86.Build.0 = RelWithDebInfo|x64
		{EFB36371-40E3-3E7D-9BCF-820B2DD991DC}.Debug|x64.ActiveCfg = Debug|x64
		{EFB36371-40E3-3E7D-9BCF-820B2DD991DC}.Debug|x64.Build.0 = Debug|x64
		{EFB36371-40E3-3E7D-9BCF-820B2DD991DC}.Debug|x86.ActiveCfg = Debug|x64
		{EFB36371-40E3-3E7D-9BCF-820B2DD991DC}.Debug|x86.Build.0 = Debug|x64
		{EFB36371-40E3-3E7D-9BCF-820B2DD991DC}.MinSizeRel|x64.ActiveCfg = MinSizeRel|x64
		{EFB36371-40E3-3E7D-9BCF-820B2DD991DC}.MinSizeRel|x64.Build.0 = MinSizeRel|x64
		{EFB36371-40E3-3E7D-9BCF-820B2DD991DC}.MinSizeRel|x86.ActiveCfg = MinSizeRel|x64
		{EFB36371-40E3-3E7D-9BCF-820B2DD991DC}.MinSizeRel|x86.Build.0 = MinSizeRel|x64
		{EFB36371-40E3-3E7D-9BCF-820B2DD991DC}.Release|x64.ActiveCfg = Release|x64
		{EFB36371-40E3-3E7D-9BCF-820B2DD991DC}.Release|x64.Build.0 = Release|x64
		{EFB36371-40E3-3E7D-9BCF-820B2DD991DC}.Release|x86.ActiveCfg = Release|x64
		{EFB36371-40E3-3E7D-9BCF-820B2DD991DC}.Release|x86.Build.0 = Release|x64
		{EFB36371-40E3-3E7D-9BCF-820B2DD991DC}.RelWithDebInfo|x64.ActiveCfg = RelWithDebInfo|x64
		{EFB36371-40E3-3E7D-9BCF-820B2DD991DC}.RelWithDebInfo|x64.Build.0 = RelWithDebInfo|x64
		{EFB36371-40E3-3E7D-9BCF-820B2DD991DC}.RelWithDebInfo|x86.ActiveCfg = RelWithDebInfo|x64
		{EFB36371-40E3-3E7D-9BCF-820B2DD991DC}.RelWithDebInfo|x86.Build.0 = RelWithDebInfo|x64
		{13695DA6-4BE7-3471-B1CF-EEFCCC090A64}.Debug|x64.ActiveCfg = Debug|x64
		{13695DA6-4BE7-3471-B1CF-EEFCCC090A64}.Debug|x64.Build.0 = Debug|x64
		{13695DA6-4BE7-3471-B1CF-EEFCCC090A64}.Debug|x86.ActiveCfg = Debug|x64
		{13695DA6-4BE7-3471-B1CF-EEFCCC090A64}.Debug|x86.Build.0 = Debug|x64
		{13695DA6-4BE7-3471-B1CF-EEFCCC090A64}.MinSizeRel|x64.ActiveCfg = MinSizeRel|x64
		{13695DA6-4BE7-3471-B1CF-EEFCCC090A64}.MinSizeRel|x64.Build.0 = MinSizeRel|x64
		{13695DA6-4BE7-3471-B1CF-EEFCCC090A64}.MinSizeRel|x86.ActiveCfg = MinSizeRel|x64
		{13695DA6-4BE7-3471-B1CF-EEFCCC090A64}.MinSizeRel|x86.Build.0 = MinSizeRel|x64
		{13695DA6-4BE7-3471-B1CF-EEFCCC090A64}.Release|x64.ActiveCfg = Release|x64
		{13695DA6-4BE7-3471-B1CF-EEFCCC090A64}.Release|x64.Build.0 = Release|x64
		{13695DA6-4BE7-3471-B1CF-EEFCCC090A64}.Release|x86.ActiveCfg = Release|x64
		{13695DA6-4BE7-3471-B1CF-EEFCCC090A64}.Release|x86.Build.0 = Release|x64
		{13695DA6-4BE7-3471-B1CF-EEFCCC090A64}.RelWithDebInfo|x64.ActiveCfg = RelWithDebInfo|x64
		{13695DA6-4BE7-3471-B1CF-EEFCCC090A64}.RelWithDebInfo|x64.Build.0 = RelWithDebInfo|x64
		{13695DA6-4BE7-3471-B1CF-EEFCCC090A64}.RelWithDebInfo|x86.ActiveCfg = RelWithDebInfo|x64
		{13695DA6-4BE7-3471-B1CF-EEFCCC090A64}.RelWithDebInfo|x86.Build.0 = RelWithDebInfo|x64
		{9CE46629-0605-374B-947C-EFDDE6CF888F}.Debug|x64.ActiveCfg = Debug|x64
		{9CE46629-0605-374B-947C-EFDDE6CF888F}.Debug|x64.Build.0 = Debug|x64
		{9CE46629-0605-374B-947C-EFDDE6CF888F}.Debug|x86.ActiveCfg = Debug|x64
		{9CE46629-0605-374B-947C-EFDDE6CF888F}.Debug|x86.Build.0 = Debug|x64
		{9CE46629-0605-374B-947C-EFDDE6CF888F}.MinSizeRel|x64.ActiveCfg = MinSizeRel|x64
		{9CE46629-0605-374B-947C-EFDDE6CF888F}.MinSizeRel|x64.Build.0 = MinSizeRel|x64
		{9CE46629-0605-374B-947C-EFDDE6CF888F}.MinSizeRel|x86.ActiveCfg = MinSizeRel|x64
		{9CE46629-0605-374B-947C-EFDDE6CF888F}.MinSizeRel|x86.Build.0 = MinSizeRel|x64
		{9CE46629-0605-374B-947C-EFDDE6CF888F}.Release|x64.ActiveCfg = Release|x64
		{9CE46629-0605-374B-947C-EFDDE6CF888F}.Release|x64.Build.0 = Release|x64
		{9CE46629-0605-374B-947C-EFDDE6CF888F}.Release|x86.ActiveCfg = Release|x64
		{9CE46629-0605-374B-947C-EFDDE6CF888F}.Release|x86.Build.0 = Release|x64
		{9CE46629-0605-374B-947C-EFDDE6CF888F}.RelWithDebInfo|x64.ActiveCfg = RelWithDebInfo|x64
		{9CE46629-0605-374B-947C-EFDDE6CF888F}.RelWithDebInfo|x64.Build.0 = RelWithDebInfo|x64
		{9CE46629-0605-374B-947C-EFDDE6CF888F}.RelWithDebInfo|x86.ActiveCfg = RelWithDebInfo|x64
		{9CE46629-0605-374B-947C-EFDDE6CF888F}.RelWithDebInfo|x86.Build.0 = RelWithDebInfo|x64
		{8B580A9E-FFC6-399C-8826-DF254683652A}.Debug|x64.ActiveCfg = Debug|x64
		{8B580A9E-FFC6-399C-8826-DF254683652A}.Debug|x64.Build.0 = Debug|x64
		{8B580A9E-FFC6-399C-8826-DF254683652A}.Debug|x86.ActiveCfg = Debug|x64
		{8B580A9E-FFC6-399C-8826-DF254683652A}.Debug|x86.Build.0 = Debug|x64
		{8B580A9E-FFC6-399C-8826-DF254683652A}.MinSizeRel|x64.ActiveCfg = MinSizeRel|x64
		{8B580A9E-FFC6-399C-8826-DF254683652A}.MinSizeRel|x64.Build.0 = MinSizeRel|x64
		{8B580A9E-FFC6-399C-8826-DF254683652A}.MinSizeRel|x86.ActiveCfg = MinSizeRel|x64
		{8B580A9E-FFC6-399C-8826-DF254683652A}.MinSizeRel|x86.Build.0 = MinSizeRel|x64
		{8B580A9E-FFC6-399C-8826-DF254683652A}.Release|x64.ActiveCfg = Release|x64
		{8B580A9E-FFC6-399C-8826-DF254683652A}.Release|x64.Build.0 = Release|x64
		{8B580A9E-FFC6-399C-8826-DF254683652A}.Release|x86.ActiveCfg = Release|x64
		{8B580A9E-FFC6-399C-8826-DF254683652A}.Release|x86.Build.0 = Release|x64
		{8B580A9E-FFC6-399C-8826-DF254683652A}.RelWithDebInfo|x64.ActiveCfg = RelWithDebInfo|x64
		{8B580A9E-FFC6-399C-8826-DF254683652A}.RelWithDebInfo|x64.Build.0 = RelWithDebInfo|x64
		{8B580A9E-FFC6-399C-8826-DF254683652A}.RelWithDebInfo|x86.ActiveCfg = RelWithDebInfo|x64
		{8B580A9E-FFC6-399C-8826-DF254683652A}.RelWithDebInfo|x86.Build.0 = RelWithDebInfo|x64
		{9C6AD87D-ABF6-4E26-8DC2-173FF33B14EC}.Debug|x64.ActiveCfg = Debug|x64
		{9C6AD87D-ABF6-4E26-8DC2-173FF33B14EC}.Debug|x64.Build.0 = Debug|x64
		{9C6AD87D-ABF6-4E26-8DC2-173FF33B14EC}.Debug|x86.ActiveCfg = Debug|Win32
		{9C6AD87D-ABF6-4E26-8DC2-173FF33B14EC}.Debug|x86.Build.0 = Debug|Win32
		{9C6AD87D-ABF6-4E26-8DC2-173FF33B14EC}.MinSizeRel|x64.ActiveCfg = Debug|x64
		{9C6AD87D-ABF6-4E26-8DC2-173FF33B14EC}.MinSizeRel|x64.Build.0 = Debug|x64
		{9C6AD87D-ABF6-4E26-8DC2-173FF33B14EC}.MinSizeRel|x86.ActiveCfg = Debug|Win32
		{9C6AD87D-ABF6-4E26-8DC2-173FF33B14EC}.MinSizeRel|x86.Build.0 = Debug|Win32
		{9C6AD87D-ABF6-4E26-8DC2-173FF33B14EC}.Release|x64.ActiveCfg = Release|x64
		{9C6AD87D-ABF6-4E26-8DC2-173FF33B14EC}.Release|x64.Build.0 = Release|x64
		{9C6AD87D-ABF6-4E26-8DC2-173FF33B14EC}.Release|x86.ActiveCfg = Release|Win32
		{9C6AD87D-ABF6-4E26-8DC2-173FF33B14EC}.Release|x86.Build.0 = Release|Win32
		{9C6AD87D-ABF6-4E26-8DC2-173FF33B14EC}.RelWithDebInfo|x64.ActiveCfg = Release|x64
		{9C6AD87D-ABF6-4E26-8DC2-173FF33B14EC}.RelWithDebInfo|x64.Build.0 = Release|x64
		{9C6AD87D-ABF6-4E26-8DC2-173FF33B14EC}.RelWithDebInfo|x86.ActiveCfg = Release|Win32
		{9C6AD87D-ABF6-4E26-8DC2-173FF33B14EC}.RelWithDebInfo|x86.Build.0 = Release|Win32
	EndGlobalSection
	GlobalSection(SolutionProperties) = preSolution
		HideSolutionNode = FALSE
	EndGlobalSection
	GlobalSection(NestedProjects) = preSolution
		{178F4635-0AB6-3D16-B27C-F5CFD2819A38} = {A8F68CA9-E982-4167-8F14-06D8833993D0}
		{02E71BE1-36CB-31C1-BCB6-6B893792C604} = {A8F68CA9-E982-4167-8F14-06D8833993D0}
		{34BA11AE-C706-369A-8D91-142F4E9BC6FE} = {A8F68CA9-E982-4167-8F14-06D8833993D0}
		{AD04318E-A90A-3667-87E8-0702B93CDD0C} = {A8F68CA9-E982-4167-8F14-06D8833993D0}
		{09A39E51-6DEB-340D-95DC-31041449B8A1} = {A8F68CA9-E982-4167-8F14-06D8833993D0}
		{CF22F1B8-5312-3C91-BD38-04DCE65928CB} = {A8F68CA9-E982-4167-8F14-06D8833993D0}
		{33267C00-FE34-357A-AA4B-DFDDFD2FCAB8} = {A8F68CA9-E982-4167-8F14-06D8833993D0}
		{28ADDC2B-0FCE-3731-8C11-17EAD2457FD1} = {A8F68CA9-E982-4167-8F14-06D8833993D0}
		{A4484DF5-6BBF-3DCC-A577-AE6C9B3F04B1} = {B56E314D-5BC2-4153-BB1B-01486470E7ED}
		{EFB36371-40E3-3E7D-9BCF-820B2DD991DC} = {B56E314D-5BC2-4153-BB1B-01486470E7ED}
		{13695DA6-4BE7-3471-B1CF-EEFCCC090A64} = {B56E314D-5BC2-4153-BB1B-01486470E7ED}
		{9CE46629-0605-374B-947C-EFDDE6CF888F} = {B56E314D-5BC2-4153-BB1B-01486470E7ED}
		{8B580A9E-FFC6-399C-8826-DF254683652A} = {B56E314D-5BC2-4153-BB1B-01486470E7ED}
	EndGlobalSection
	GlobalSection(ExtensibilityGlobals) = postSolution
		SolutionGuid = {A32CAD88-5ED7-4BF8-9AD5-6DEC791E26EC}
	EndGlobalSection
EndGlobal
