<?xml version="1.0" encoding="utf-8"?>
<Project ToolsVersion="4.0" xmlns="http://schemas.microsoft.com/developer/msbuild/2003">
  <ItemGroup>
    <Filter Include="Source Files">
      <UniqueIdentifier>{4FC737F1-C7A5-4376-A066-2A32D752A2FF}</UniqueIdentifier>
      <Extensions>cpp;c;cc;cxx;c++;cppm;ixx;def;odl;idl;hpj;bat;asm;asmx</Extensions>
    </Filter>
    <Filter Include="Header Files">
      <UniqueIdentifier>{93995380-89BD-4b04-88EB-625FBE52EBFB}</UniqueIdentifier>
      <Extensions>h;hh;hpp;hxx;h++;hm;inl;inc;ipp;xsd</Extensions>
    </Filter>
    <Filter Include="Resource Files">
      <UniqueIdentifier>{67DA6AB6-F800-4c08-8B7A-83BB121AAD01}</UniqueIdentifier>
      <Extensions>rc;ico;cur;bmp;dlg;rc2;rct;bin;rgs;gif;jpg;jpeg;jpe;resx;tiff;tif;png;wav;mfcribbon-ms</Extensions>
    </Filter>
  </ItemGroup>
  <ItemGroup>
    <ClCompile Include="Src\dx12Lib\Adapter.cpp">
      <Filter>Source Files</Filter>
    </ClCompile>
    <ClCompile Include="Src\dx12Lib\Buffer.cpp">
      <Filter>Source Files</Filter>
    </ClCompile>
    <ClCompile Include="Src\dx12Lib\ByteAddressBuffer.cpp">
      <Filter>Source Files</Filter>
    </ClCompile>
    <ClCompile Include="Src\dx12Lib\CommandList.cpp">
      <Filter>Source Files</Filter>
    </ClCompile>
    <ClCompile Include="Src\dx12Lib\CommandQueue.cpp">
      <Filter>Source Files</Filter>
    </ClCompile>
    <ClCompile Include="Src\dx12Lib\ConstantBuffer.cpp">
      <Filter>Source Files</Filter>
    </ClCompile>
    <ClCompile Include="Src\dx12Lib\ConstantBufferView.cpp">
      <Filter>Source Files</Filter>
    </ClCompile>
    <ClCompile Include="Src\dx12Lib\DescriptorAllocation.cpp">
      <Filter>Source Files</Filter>
    </ClCompile>
    <ClCompile Include="Src\dx12Lib\DescriptorAllocator.cpp">
      <Filter>Source Files</Filter>
    </ClCompile>
    <ClCompile Include="Src\dx12Lib\DescriptorAllocatorPage.cpp">
      <Filter>Source Files</Filter>
    </ClCompile>
    <ClCompile Include="Src\dx12Lib\Device.cpp">
      <Filter>Source Files</Filter>
    </ClCompile>
    <ClCompile Include="Src\dx12Lib\DynamicDescriptorHeap.cpp">
      <Filter>Source Files</Filter>
    </ClCompile>
    <ClCompile Include="Src\dx12Lib\GenerateMipsPSO.cpp">
      <Filter>Source Files</Filter>
    </ClCompile>
    <ClCompile Include="Src\dx12Lib\GUI.cpp">
      <Filter>Source Files</Filter>
    </ClCompile>
    <ClCompile Include="Src\dx12Lib\IndexBuffer.cpp">
      <Filter>Source Files</Filter>
    </ClCompile>
    <ClCompile Include="Src\dx12Lib\Material.cpp">
      <Filter>Source Files</Filter>
    </ClCompile>
    <ClCompile Include="Src\dx12Lib\Mesh.cpp">
      <Filter>Source Files</Filter>
    </ClCompile>
    <ClCompile Include="Src\dx12Lib\PanoToCubemapPSO.cpp">
      <Filter>Source Files</Filter>
    </ClCompile>
    <ClCompile Include="Src\dx12Lib\PipelineStateObject.cpp">
      <Filter>Source Files</Filter>
    </ClCompile>
    <ClCompile Include="Src\dx12Lib\RenderTarget.cpp">
      <Filter>Source Files</Filter>
    </ClCompile>
    <ClCompile Include="Src\dx12Lib\Resource.cpp">
      <Filter>Source Files</Filter>
    </ClCompile>
    <ClCompile Include="Src\dx12Lib\ResourceStateTracker.cpp">
      <Filter>Source Files</Filter>
    </ClCompile>
    <ClCompile Include="Src\dx12Lib\RootSignature.cpp">
      <Filter>Source Files</Filter>
    </ClCompile>
    <ClCompile Include="Src\dx12Lib\Scene.cpp">
      <Filter>Source Files</Filter>
    </ClCompile>
    <ClCompile Include="Src\dx12Lib\SceneNode.cpp">
      <Filter>Source Files</Filter>
    </ClCompile>
    <ClCompile Include="Src\dx12Lib\ShaderResourceView.cpp">
      <Filter>Source Files</Filter>
    </ClCompile>
    <ClCompile Include="Src\dx12Lib\StructuredBuffer.cpp">
      <Filter>Source Files</Filter>
    </ClCompile>
    <ClCompile Include="Src\dx12Lib\SwapChain.cpp">
      <Filter>Source Files</Filter>
    </ClCompile>
    <ClCompile Include="Src\dx12Lib\Texture.cpp">
      <Filter>Source Files</Filter>
    </ClCompile>
    <ClCompile Include="Src\dx12Lib\UnorderedAccessView.cpp">
      <Filter>Source Files</Filter>
    </ClCompile>
    <ClCompile Include="Src\dx12Lib\UploadBuffer.cpp">
      <Filter>Source Files</Filter>
    </ClCompile>
    <ClCompile Include="Src\dx12Lib\VertexBuffer.cpp">
      <Filter>Source Files</Filter>
    </ClCompile>
    <ClCompile Include="Src\dx12Lib\VertexTypes.cpp">
      <Filter>Source Files</Filter>
    </ClCompile>
    <ClCompile Include="Src\pch.cpp">
      <Filter>Source Files</Filter>
    </ClCompile>
    <ClCompile Include="Src\imgui\imgui.cpp">
      <Filter>Source Files</Filter>
    </ClCompile>
    <ClCompile Include="Src\imgui\imgui_demo.cpp">
      <Filter>Source Files</Filter>
    </ClCompile>
    <ClCompile Include="Src\imgui\imgui_draw.cpp">
      <Filter>Source Files</Filter>
    </ClCompile>
    <ClCompile Include="Src\imgui\imgui_impl_dx12.cpp">
      <Filter>Source Files</Filter>
    </ClCompile>
    <ClCompile Include="Src\imgui\imgui_impl_win32.cpp">
      <Filter>Source Files</Filter>
    </ClCompile>
    <ClCompile Include="Src\imgui\imgui_widgets.cpp">
      <Filter>Source Files</Filter>
    </ClCompile>
    <ClCompile Include="Src\imgui\imgui_tables.cpp">
      <Filter>Source Files</Filter>
    </ClCompile>
    <ClCompile Include="Src\dx12Lib\InputBuffer.cpp">
      <Filter>Source Files</Filter>
    </ClCompile>
  </ItemGroup>
  <ItemGroup>
    <ClInclude Include="Src\dx12Lib\Adapter.h">
      <Filter>Header Files</Filter>
    </ClInclude>
    <ClInclude Include="Src\dx12Lib\Buffer.h">
      <Filter>Header Files</Filter>
    </ClInclude>
    <ClInclude Include="Src\dx12Lib\ByteAddressBuffer.h">
      <Filter>Header Files</Filter>
    </ClInclude>
    <ClInclude Include="Src\dx12Lib\CommandList.h">
      <Filter>Header Files</Filter>
    </ClInclude>
    <ClInclude Include="Src\dx12Lib\CommandQueue.h">
      <Filter>Header Files</Filter>
    </ClInclude>
    <ClInclude Include="Src\dx12Lib\ConstantBuffer.h">
      <Filter>Header Files</Filter>
    </ClInclude>
    <ClInclude Include="Src\dx12Lib\ConstantBufferView.h">
      <Filter>Header Files</Filter>
    </ClInclude>
    <ClInclude Include="Src\dx12Lib\Defines.h">
      <Filter>Header Files</Filter>
    </ClInclude>
    <ClInclude Include="Src\dx12Lib\DescriptorAllocation.h">
      <Filter>Header Files</Filter>
    </ClInclude>
    <ClInclude Include="Src\dx12Lib\DescriptorAllocator.h">
      <Filter>Header Files</Filter>
    </ClInclude>
    <ClInclude Include="Src\dx12Lib\DescriptorAllocatorPage.h">
      <Filter>Header Files</Filter>
    </ClInclude>
    <ClInclude Include="Src\dx12Lib\Device.h">
      <Filter>Header Files</Filter>
    </ClInclude>
    <ClInclude Include="Src\dx12Lib\DynamicDescriptorHeap.h">
      <Filter>Header Files</Filter>
    </ClInclude>
    <ClInclude Include="Src\dx12Lib\GenerateMipsPSO.h">
      <Filter>Header Files</Filter>
    </ClInclude>
    <ClInclude Include="Src\dx12Lib\GUI.h">
      <Filter>Header Files</Filter>
    </ClInclude>
    <ClInclude Include="Src\dx12Lib\Helpers.h">
      <Filter>Header Files</Filter>
    </ClInclude>
    <ClInclude Include="Src\dx12Lib\IndexBuffer.h">
      <Filter>Header Files</Filter>
    </ClInclude>
    <ClInclude Include="Src\dx12Lib\Material.h">
      <Filter>Header Files</Filter>
    </ClInclude>
    <ClInclude Include="Src\dx12Lib\Mesh.h">
      <Filter>Header Files</Filter>
    </ClInclude>
    <ClInclude Include="Src\dx12Lib\PanoToCubemapPSO.h">
      <Filter>Header Files</Filter>
    </ClInclude>
    <ClInclude Include="Src\dx12Lib\PipelineStateObject.h">
      <Filter>Header Files</Filter>
    </ClInclude>
    <ClInclude Include="Src\dx12Lib\RenderTarget.h">
      <Filter>Header Files</Filter>
    </ClInclude>
    <ClInclude Include="Src\dx12Lib\Resource.h">
      <Filter>Header Files</Filter>
    </ClInclude>
    <ClInclude Include="Src\dx12Lib\ResourceStateTracker.h">
      <Filter>Header Files</Filter>
    </ClInclude>
    <ClInclude Include="Src\dx12Lib\RootSignature.h">
      <Filter>Header Files</Filter>
    </ClInclude>
    <ClInclude Include="Src\dx12Lib\Scene.h">
      <Filter>Header Files</Filter>
    </ClInclude>
    <ClInclude Include="Src\dx12Lib\SceneNode.h">
      <Filter>Header Files</Filter>
    </ClInclude>
    <ClInclude Include="Src\dx12Lib\ShaderResourceView.h">
      <Filter>Header Files</Filter>
    </ClInclude>
    <ClInclude Include="Src\dx12Lib\StructuredBuffer.h">
      <Filter>Header Files</Filter>
    </ClInclude>
    <ClInclude Include="Src\dx12Lib\SwapChain.h">
      <Filter>Header Files</Filter>
    </ClInclude>
    <ClInclude Include="Src\dx12Lib\Texture.h">
      <Filter>Header Files</Filter>
    </ClInclude>
    <ClInclude Include="Src\dx12Lib\ThreadSafeQueue.h">
      <Filter>Header Files</Filter>
    </ClInclude>
    <ClInclude Include="Src\dx12Lib\UnorderedAccessView.h">
      <Filter>Header Files</Filter>
    </ClInclude>
    <ClInclude Include="Src\dx12Lib\UploadBuffer.h">
      <Filter>Header Files</Filter>
    </ClInclude>
    <ClInclude Include="Src\dx12Lib\VertexBuffer.h">
      <Filter>Header Files</Filter>
    </ClInclude>
    <ClInclude Include="Src\dx12Lib\VertexTypes.h">
      <Filter>Header Files</Filter>
    </ClInclude>
    <ClInclude Include="Src\dx12Lib\Visitor.h">
      <Filter>Header Files</Filter>
    </ClInclude>
    <ClInclude Include="Src\pch.h">
      <Filter>Header Files</Filter>
    </ClInclude>
    <ClInclude Include="Src\D3D12\d3d12.h">
      <Filter>Header Files</Filter>
    </ClInclude>
    <ClInclude Include="Src\D3D12\d3d12compatibility.h">
      <Filter>Header Files</Filter>
    </ClInclude>
    <ClInclude Include="Src\D3D12\d3d12sdklayers.h">
      <Filter>Header Files</Filter>
    </ClInclude>
    <ClInclude Include="Src\D3D12\d3d12shader.h">
      <Filter>Header Files</Filter>
    </ClInclude>
    <ClInclude Include="Src\D3D12\D3D12TokenizedProgramFormat.hpp">
      <Filter>Header Files</Filter>
    </ClInclude>
    <ClInclude Include="Src\D3D12\d3d12video.h">
      <Filter>Header Files</Filter>
    </ClInclude>
    <ClInclude Include="Src\D3D12\d3dcommon.h">
      <Filter>Header Files</Filter>
    </ClInclude>
    <ClInclude Include="Src\D3D12\d3dx12.h">
      <Filter>Header Files</Filter>
    </ClInclude>
    <ClInclude Include="Src\D3D12\d3dx12_barriers.h">
      <Filter>Header Files</Filter>
    </ClInclude>
    <ClInclude Include="Src\D3D12\d3dx12_check_feature_support.h">
      <Filter>Header Files</Filter>
    </ClInclude>
    <ClInclude Include="Src\D3D12\d3dx12_core.h">
      <Filter>Header Files</Filter>
    </ClInclude>
    <ClInclude Include="Src\D3D12\d3dx12_default.h">
      <Filter>Header Files</Filter>
    </ClInclude>
    <ClInclude Include="Src\D3D12\d3dx12_pipeline_state_stream.h">
      <Filter>Header Files</Filter>
    </ClInclude>
    <ClInclude Include="Src\D3D12\d3dx12_property_format_table.h">
      <Filter>Header Files</Filter>
    </ClInclude>
    <ClInclude Include="Src\D3D12\d3dx12_render_pass.h">
      <Filter>Header Files</Filter>
    </ClInclude>
    <ClInclude Include="Src\D3D12\d3dx12_resource_helpers.h">
      <Filter>Header Files</Filter>
    </ClInclude>
    <ClInclude Include="Src\D3D12\d3dx12_root_signature.h">
      <Filter>Header Files</Filter>
    </ClInclude>
    <ClInclude Include="Src\D3D12\d3dx12_state_object.h">
      <Filter>Header Files</Filter>
    </ClInclude>
    <ClInclude Include="Src\D3D12\dxcore.h">
      <Filter>Header Files</Filter>
    </ClInclude>
    <ClInclude Include="Src\D3D12\dxcore_interface.h">
      <Filter>Header Files</Filter>
    </ClInclude>
    <ClInclude Include="Src\D3D12\dxgicommon.h">
      <Filter>Header Files</Filter>
    </ClInclude>
    <ClInclude Include="Src\D3D12\dxgiformat.h">
      <Filter>Header Files</Filter>
    </ClInclude>
    <ClInclude Include="Src\imgui\imconfig.h">
      <Filter>Header Files</Filter>
    </ClInclude>
    <ClInclude Include="Src\imgui\imgui.h">
      <Filter>Header Files</Filter>
    </ClInclude>
    <ClInclude Include="Src\imgui\imgui_impl_dx12.h">
      <Filter>Header Files</Filter>
    </ClInclude>
    <ClInclude Include="Src\imgui\imgui_impl_win32.h">
      <Filter>Header Files</Filter>
    </ClInclude>
    <ClInclude Include="Src\imgui\imgui_internal.h">
      <Filter>Header Files</Filter>
    </ClInclude>
    <ClInclude Include="Src\imgui\imstb_rectpack.h">
      <Filter>Header Files</Filter>
    </ClInclude>
    <ClInclude Include="Src\imgui\imstb_textedit.h">
      <Filter>Header Files</Filter>
    </ClInclude>
    <ClInclude Include="Src\imgui\imstb_truetype.h">
      <Filter>Header Files</Filter>
    </ClInclude>
    <ClInclude Include="Src\dx12Lib\InputBuffer.h">
      <Filter>Header Files</Filter>
    </ClInclude>
  </ItemGroup>
  <ItemGroup>
    <FxCompile Include="Shaders\GenerateMips_CS.hlsl" />
    <FxCompile Include="Shaders\ImGUI_PS.hlsl" />
    <FxCompile Include="Shaders\ImGUI_VS.hlsl" />
    <FxCompile Include="Shaders\PanoToCubemap_CS.hlsl" />
  </ItemGroup>
  <ItemGroup>
    <Midl Include="Src\D3D12\d3d12.idl">
      <Filter>Source Files</Filter>
    </Midl>
    <Midl Include="Src\D3D12\d3d12compatibility.idl">
      <Filter>Source Files</Filter>
    </Midl>
    <Midl Include="Src\D3D12\d3d12sdklayers.idl">
      <Filter>Source Files</Filter>
    </Midl>
    <Midl Include="Src\D3D12\d3d12video.idl">
      <Filter>Source Files</Filter>
    </Midl>
    <Midl Include="Src\D3D12\d3dcommon.idl">
      <Filter>Source Files</Filter>
    </Midl>
    <Midl Include="Src\D3D12\dxgicommon.idl">
      <Filter>Source Files</Filter>
    </Midl>
    <Midl Include="Src\D3D12\dxgiformat.idl">
      <Filter>Source Files</Filter>
    </Midl>
  </ItemGroup>
</Project>